
Microsoft Visual Studio Solution File, Format Version 12.00
# Visual Studio 15
VisualStudioVersion = 15.0.28307.329
MinimumVisualStudioVersion = 10.0.40219.1
Project("{FAE04EC0-301F-11D3-BF4B-00C04F79EFBC}") = "TestMathModel", "TestMathModel\TestMathModel.csproj", "{535F4294-7114-479D-A945-12523645AA22}"
EndProject
Project("{FAE04EC0-301F-11D3-BF4B-00C04F79EFBC}") = "GAS", "GAS\GAS.csproj", "{B063C5FD-43CF-44E5-91D3-883F8A0F8452}"
EndProject
Project("{FAE04EC0-301F-11D3-BF4B-00C04F79EFBC}") = "ConsoleApp", "ConsoleApp\ConsoleApp.csproj", "{0FB4280E-70C1-496B-847D-5F2D43A9736B}"
EndProject
Project("{9A19103F-16F7-4668-BE54-9A1E7A4F7556}") = "Model", "Model\Model.csproj", "{56B8D853-7330-4117-B02B-4769F83F0DCB}"
EndProject
Project("{FAE04EC0-301F-11D3-BF4B-00C04F79EFBC}") = "Model.Tests", "Model.Tests\Model.Tests.csproj", "{1736716E-FD93-4E1E-967F-9730599DC696}"
EndProject
Global
	GlobalSection(SolutionConfigurationPlatforms) = preSolution
		Debug|Any CPU = Debug|Any CPU
		Release|Any CPU = Release|Any CPU
	EndGlobalSection
	GlobalSection(ProjectConfigurationPlatforms) = postSolution
		{535F4294-7114-479D-A945-12523645AA22}.Debug|Any CPU.ActiveCfg = Debug|Any CPU
		{535F4294-7114-479D-A945-12523645AA22}.Debug|Any CPU.Build.0 = Debug|Any CPU
		{535F4294-7114-479D-A945-12523645AA22}.Release|Any CPU.ActiveCfg = Release|Any CPU
		{535F4294-7114-479D-A945-12523645AA22}.Release|Any CPU.Build.0 = Release|Any CPU
		{B063C5FD-43CF-44E5-91D3-883F8A0F8452}.Debug|Any CPU.ActiveCfg = Debug|Any CPU
		{B063C5FD-43CF-44E5-91D3-883F8A0F8452}.Debug|Any CPU.Build.0 = Debug|Any CPU
		{B063C5FD-43CF-44E5-91D3-883F8A0F8452}.Release|Any CPU.ActiveCfg = Release|Any CPU
		{B063C5FD-43CF-44E5-91D3-883F8A0F8452}.Release|Any CPU.Build.0 = Release|Any CPU
		{0FB4280E-70C1-496B-847D-5F2D43A9736B}.Debug|Any CPU.ActiveCfg = Debug|Any CPU
		{0FB4280E-70C1-496B-847D-5F2D43A9736B}.Debug|Any CPU.Build.0 = Debug|Any CPU
		{0FB4280E-70C1-496B-847D-5F2D43A9736B}.Release|Any CPU.ActiveCfg = Release|Any CPU
		{0FB4280E-70C1-496B-847D-5F2D43A9736B}.Release|Any CPU.Build.0 = Release|Any CPU
		{56B8D853-7330-4117-B02B-4769F83F0DCB}.Debug|Any CPU.ActiveCfg = Debug|Any CPU
		{56B8D853-7330-4117-B02B-4769F83F0DCB}.Debug|Any CPU.Build.0 = Debug|Any CPU
		{56B8D853-7330-4117-B02B-4769F83F0DCB}.Release|Any CPU.ActiveCfg = Release|Any CPU
		{56B8D853-7330-4117-B02B-4769F83F0DCB}.Release|Any CPU.Build.0 = Release|Any CPU
		{1736716E-FD93-4E1E-967F-9730599DC696}.Debug|Any CPU.ActiveCfg = Debug|Any CPU
		{1736716E-FD93-4E1E-967F-9730599DC696}.Debug|Any CPU.Build.0 = Debug|Any CPU
		{1736716E-FD93-4E1E-967F-9730599DC696}.Release|Any CPU.ActiveCfg = Release|Any CPU
		{1736716E-FD93-4E1E-967F-9730599DC696}.Release|Any CPU.Build.0 = Release|Any CPU
	EndGlobalSection
	GlobalSection(SolutionProperties) = preSolution
		HideSolutionNode = FALSE
	EndGlobalSection
	GlobalSection(ExtensibilityGlobals) = postSolution
		SolutionGuid = {368DE56E-8B7D-4E83-A81B-DAEDCFB7D6DB}
	EndGlobalSection
EndGlobal
